
Microsoft Visual Studio Solution File, Format Version 12.00
# Visual Studio Version 17
VisualStudioVersion = 17.9.34902.65
MinimumVisualStudioVersion = 10.0.40219.1
Project("{9A19103F-16F7-4668-BE54-9A1E7A4F7556}") = "Uzduotis01", "Uzduotis01\Uzduotis01.csproj", "{1A9A8F34-94DD-4DC3-90EB-1693EBD56E23}"
EndProject
Project("{FAE04EC0-301F-11D3-BF4B-00C04F79EFBC}") = "Uzduotis02", "Uzduotis02\Uzduotis02.csproj", "{6B6AC215-EC7F-4413-8CFB-AC7300C03415}"
EndProject
Global
	GlobalSection(SolutionConfigurationPlatforms) = preSolution
		Debug|Any CPU = Debug|Any CPU
		Release|Any CPU = Release|Any CPU
	EndGlobalSection
	GlobalSection(ProjectConfigurationPlatforms) = postSolution
		{1A9A8F34-94DD-4DC3-90EB-1693EBD56E23}.Debug|Any CPU.ActiveCfg = Debug|Any CPU
		{1A9A8F34-94DD-4DC3-90EB-1693EBD56E23}.Debug|Any CPU.Build.0 = Debug|Any CPU
		{1A9A8F34-94DD-4DC3-90EB-1693EBD56E23}.Release|Any CPU.ActiveCfg = Release|Any CPU
		{1A9A8F34-94DD-4DC3-90EB-1693EBD56E23}.Release|Any CPU.Build.0 = Release|Any CPU
		{6B6AC215-EC7F-4413-8CFB-AC7300C03415}.Debug|Any CPU.ActiveCfg = Debug|Any CPU
		{6B6AC215-EC7F-4413-8CFB-AC7300C03415}.Debug|Any CPU.Build.0 = Debug|Any CPU
		{6B6AC215-EC7F-4413-8CFB-AC7300C03415}.Release|Any CPU.ActiveCfg = Release|Any CPU
		{6B6AC215-EC7F-4413-8CFB-AC7300C03415}.Release|Any CPU.Build.0 = Release|Any CPU
	EndGlobalSection
	GlobalSection(SolutionProperties) = preSolution
		HideSolutionNode = FALSE
	EndGlobalSection
	GlobalSection(ExtensibilityGlobals) = postSolution
		SolutionGuid = {8973CF43-E39F-4BFE-A194-AE2E29ED9326}
	EndGlobalSection
EndGlobal
